
Microsoft Visual Studio Solution File, Format Version 12.00
# Visual Studio 15
VisualStudioVersion = 15.0.28010.2003
MinimumVisualStudioVersion = 10.0.40219.1
Project("{FAE04EC0-301F-11D3-BF4B-00C04F79EFBC}") = "PL.WinForms", "Task14\PL.WinForms.csproj", "{4311D3E2-28AA-43E5-ADE2-F5FB2AB4F538}"
EndProject
Project("{FAE04EC0-301F-11D3-BF4B-00C04F79EFBC}") = "BLL", "BLL\BLL.csproj", "{FBD1BAC7-AA0C-4A42-AD29-AAF7544FF484}"
EndProject
Project("{FAE04EC0-301F-11D3-BF4B-00C04F79EFBC}") = "DAL", "DAL\DAL.csproj", "{FD6A8162-FB77-4245-9A0B-D01FB10F2162}"
EndProject
Project("{FAE04EC0-301F-11D3-BF4B-00C04F79EFBC}") = "Entites", "Entites\Entites.csproj", "{DE9F1F23-BD88-4060-BBD9-6052EF847CFD}"
EndProject
Global
	GlobalSection(SolutionConfigurationPlatforms) = preSolution
		Debug|Any CPU = Debug|Any CPU
		Release|Any CPU = Release|Any CPU
	EndGlobalSection
	GlobalSection(ProjectConfigurationPlatforms) = postSolution
		{4311D3E2-28AA-43E5-ADE2-F5FB2AB4F538}.Debug|Any CPU.ActiveCfg = Debug|Any CPU
		{4311D3E2-28AA-43E5-ADE2-F5FB2AB4F538}.Debug|Any CPU.Build.0 = Debug|Any CPU
		{4311D3E2-28AA-43E5-ADE2-F5FB2AB4F538}.Release|Any CPU.ActiveCfg = Release|Any CPU
		{4311D3E2-28AA-43E5-ADE2-F5FB2AB4F538}.Release|Any CPU.Build.0 = Release|Any CPU
		{FBD1BAC7-AA0C-4A42-AD29-AAF7544FF484}.Debug|Any CPU.ActiveCfg = Debug|Any CPU
		{FBD1BAC7-AA0C-4A42-AD29-AAF7544FF484}.Debug|Any CPU.Build.0 = Debug|Any CPU
		{FBD1BAC7-AA0C-4A42-AD29-AAF7544FF484}.Release|Any CPU.ActiveCfg = Release|Any CPU
		{FBD1BAC7-AA0C-4A42-AD29-AAF7544FF484}.Release|Any CPU.Build.0 = Release|Any CPU
		{FD6A8162-FB77-4245-9A0B-D01FB10F2162}.Debug|Any CPU.ActiveCfg = Debug|Any CPU
		{FD6A8162-FB77-4245-9A0B-D01FB10F2162}.Debug|Any CPU.Build.0 = Debug|Any CPU
		{FD6A8162-FB77-4245-9A0B-D01FB10F2162}.Release|Any CPU.ActiveCfg = Release|Any CPU
		{FD6A8162-FB77-4245-9A0B-D01FB10F2162}.Release|Any CPU.Build.0 = Release|Any CPU
		{DE9F1F23-BD88-4060-BBD9-6052EF847CFD}.Debug|Any CPU.ActiveCfg = Debug|Any CPU
		{DE9F1F23-BD88-4060-BBD9-6052EF847CFD}.Debug|Any CPU.Build.0 = Debug|Any CPU
		{DE9F1F23-BD88-4060-BBD9-6052EF847CFD}.Release|Any CPU.ActiveCfg = Release|Any CPU
		{DE9F1F23-BD88-4060-BBD9-6052EF847CFD}.Release|Any CPU.Build.0 = Release|Any CPU
	EndGlobalSection
	GlobalSection(SolutionProperties) = preSolution
		HideSolutionNode = FALSE
	EndGlobalSection
	GlobalSection(ExtensibilityGlobals) = postSolution
		SolutionGuid = {3BAF16E9-55F0-4166-90AF-C5ED54EDE57A}
	EndGlobalSection
EndGlobal
