
Microsoft Visual Studio Solution File, Format Version 12.00
# Visual Studio 15
VisualStudioVersion = 15.0.28010.2003
MinimumVisualStudioVersion = 10.0.40219.1
Project("{FAE04EC0-301F-11D3-BF4B-00C04F79EFBC}") = "Task01", "Task01\Task01.csproj", "{21C49E30-66D4-4259-B23F-D669447F033A}"
EndProject
Project("{FAE04EC0-301F-11D3-BF4B-00C04F79EFBC}") = "Task02", "Task02\Task02.csproj", "{2C5CD19E-890B-4280-A192-1CFCC478CBD2}"
EndProject
Project("{FAE04EC0-301F-11D3-BF4B-00C04F79EFBC}") = "Task03", "Task03\Task03.csproj", "{B3D55D19-076E-47B2-8588-89DC864AC995}"
EndProject
Global
	GlobalSection(SolutionConfigurationPlatforms) = preSolution
		Debug|Any CPU = Debug|Any CPU
		Release|Any CPU = Release|Any CPU
	EndGlobalSection
	GlobalSection(ProjectConfigurationPlatforms) = postSolution
		{21C49E30-66D4-4259-B23F-D669447F033A}.Debug|Any CPU.ActiveCfg = Debug|Any CPU
		{21C49E30-66D4-4259-B23F-D669447F033A}.Debug|Any CPU.Build.0 = Debug|Any CPU
		{21C49E30-66D4-4259-B23F-D669447F033A}.Release|Any CPU.ActiveCfg = Release|Any CPU
		{21C49E30-66D4-4259-B23F-D669447F033A}.Release|Any CPU.Build.0 = Release|Any CPU
		{2C5CD19E-890B-4280-A192-1CFCC478CBD2}.Debug|Any CPU.ActiveCfg = Debug|Any CPU
		{2C5CD19E-890B-4280-A192-1CFCC478CBD2}.Debug|Any CPU.Build.0 = Debug|Any CPU
		{2C5CD19E-890B-4280-A192-1CFCC478CBD2}.Release|Any CPU.ActiveCfg = Release|Any CPU
		{2C5CD19E-890B-4280-A192-1CFCC478CBD2}.Release|Any CPU.Build.0 = Release|Any CPU
		{B3D55D19-076E-47B2-8588-89DC864AC995}.Debug|Any CPU.ActiveCfg = Debug|Any CPU
		{B3D55D19-076E-47B2-8588-89DC864AC995}.Debug|Any CPU.Build.0 = Debug|Any CPU
		{B3D55D19-076E-47B2-8588-89DC864AC995}.Release|Any CPU.ActiveCfg = Release|Any CPU
		{B3D55D19-076E-47B2-8588-89DC864AC995}.Release|Any CPU.Build.0 = Release|Any CPU
	EndGlobalSection
	GlobalSection(SolutionProperties) = preSolution
		HideSolutionNode = FALSE
	EndGlobalSection
	GlobalSection(ExtensibilityGlobals) = postSolution
		SolutionGuid = {46CC3D95-975F-46B2-AE76-4457B0F7DFF3}
	EndGlobalSection
EndGlobal
