
Microsoft Visual Studio Solution File, Format Version 12.00
# Visual Studio 15
VisualStudioVersion = 15.0.28010.2003
MinimumVisualStudioVersion = 10.0.40219.1
Project("{FAE04EC0-301F-11D3-BF4B-00C04F79EFBC}") = "Task01", "Task01\Task01.csproj", "{548C991C-407E-4BD9-BD53-DF5E3DD2EF63}"
EndProject
Project("{FAE04EC0-301F-11D3-BF4B-00C04F79EFBC}") = "ClassUser", "..\Androsov_Alexander_Task05\User\ClassUser.csproj", "{E74EF9DA-DDD0-486C-B199-BD5052A1B416}"
EndProject
Project("{FAE04EC0-301F-11D3-BF4B-00C04F79EFBC}") = "ClassEmployee", "ClassEmployee\ClassEmployee.csproj", "{F5EFB2FC-094D-4C7A-83E7-C102AAC47B2F}"
EndProject
Project("{FAE04EC0-301F-11D3-BF4B-00C04F79EFBC}") = "Task02", "Task02\Task02.csproj", "{0AA97F48-1895-456E-9956-646AA0B2F0D0}"
EndProject
Project("{FAE04EC0-301F-11D3-BF4B-00C04F79EFBC}") = "ClassRound", "..\Androsov_Alexander_Task05\ClassRound\ClassRound.csproj", "{C2A97918-3EAF-4DF0-AA85-F1F7F8536C13}"
EndProject
Project("{FAE04EC0-301F-11D3-BF4B-00C04F79EFBC}") = "ClassRing", "ClassRing\ClassRing.csproj", "{8015EE8C-2E33-4239-8040-A65B11BDC297}"
EndProject
Global
	GlobalSection(SolutionConfigurationPlatforms) = preSolution
		Debug|Any CPU = Debug|Any CPU
		Release|Any CPU = Release|Any CPU
	EndGlobalSection
	GlobalSection(ProjectConfigurationPlatforms) = postSolution
		{548C991C-407E-4BD9-BD53-DF5E3DD2EF63}.Debug|Any CPU.ActiveCfg = Debug|Any CPU
		{548C991C-407E-4BD9-BD53-DF5E3DD2EF63}.Debug|Any CPU.Build.0 = Debug|Any CPU
		{548C991C-407E-4BD9-BD53-DF5E3DD2EF63}.Release|Any CPU.ActiveCfg = Release|Any CPU
		{548C991C-407E-4BD9-BD53-DF5E3DD2EF63}.Release|Any CPU.Build.0 = Release|Any CPU
		{E74EF9DA-DDD0-486C-B199-BD5052A1B416}.Debug|Any CPU.ActiveCfg = Debug|Any CPU
		{E74EF9DA-DDD0-486C-B199-BD5052A1B416}.Debug|Any CPU.Build.0 = Debug|Any CPU
		{E74EF9DA-DDD0-486C-B199-BD5052A1B416}.Release|Any CPU.ActiveCfg = Release|Any CPU
		{E74EF9DA-DDD0-486C-B199-BD5052A1B416}.Release|Any CPU.Build.0 = Release|Any CPU
		{F5EFB2FC-094D-4C7A-83E7-C102AAC47B2F}.Debug|Any CPU.ActiveCfg = Debug|Any CPU
		{F5EFB2FC-094D-4C7A-83E7-C102AAC47B2F}.Debug|Any CPU.Build.0 = Debug|Any CPU
		{F5EFB2FC-094D-4C7A-83E7-C102AAC47B2F}.Release|Any CPU.ActiveCfg = Release|Any CPU
		{F5EFB2FC-094D-4C7A-83E7-C102AAC47B2F}.Release|Any CPU.Build.0 = Release|Any CPU
		{0AA97F48-1895-456E-9956-646AA0B2F0D0}.Debug|Any CPU.ActiveCfg = Debug|Any CPU
		{0AA97F48-1895-456E-9956-646AA0B2F0D0}.Debug|Any CPU.Build.0 = Debug|Any CPU
		{0AA97F48-1895-456E-9956-646AA0B2F0D0}.Release|Any CPU.ActiveCfg = Release|Any CPU
		{0AA97F48-1895-456E-9956-646AA0B2F0D0}.Release|Any CPU.Build.0 = Release|Any CPU
		{C2A97918-3EAF-4DF0-AA85-F1F7F8536C13}.Debug|Any CPU.ActiveCfg = Debug|Any CPU
		{C2A97918-3EAF-4DF0-AA85-F1F7F8536C13}.Debug|Any CPU.Build.0 = Debug|Any CPU
		{C2A97918-3EAF-4DF0-AA85-F1F7F8536C13}.Release|Any CPU.ActiveCfg = Release|Any CPU
		{C2A97918-3EAF-4DF0-AA85-F1F7F8536C13}.Release|Any CPU.Build.0 = Release|Any CPU
		{8015EE8C-2E33-4239-8040-A65B11BDC297}.Debug|Any CPU.ActiveCfg = Debug|Any CPU
		{8015EE8C-2E33-4239-8040-A65B11BDC297}.Debug|Any CPU.Build.0 = Debug|Any CPU
		{8015EE8C-2E33-4239-8040-A65B11BDC297}.Release|Any CPU.ActiveCfg = Release|Any CPU
		{8015EE8C-2E33-4239-8040-A65B11BDC297}.Release|Any CPU.Build.0 = Release|Any CPU
	EndGlobalSection
	GlobalSection(SolutionProperties) = preSolution
		HideSolutionNode = FALSE
	EndGlobalSection
	GlobalSection(ExtensibilityGlobals) = postSolution
		SolutionGuid = {EEC6DD67-ED8C-45CA-B697-80D52AF99142}
	EndGlobalSection
EndGlobal
